
Microsoft Visual Studio Solution File, Format Version 12.00
# Visual Studio Version 16
VisualStudioVersion = 16.0.29025.244
MinimumVisualStudioVersion = 10.0.40219.1
Project("{FAE04EC0-301F-11D3-BF4B-00C04F79EFBC}") = "COVR.PLUGIN", "COVR.PLUGIN\COVR.PLUGIN.csproj", "{FF48D70D-1475-4851-A437-164A50741E8B}"
EndProject
Project("{FAE04EC0-301F-11D3-BF4B-00C04F79EFBC}") = "testPlugin", "testPlugin\testPlugin.csproj", "{532CCAD1-F0B8-4BD1-82EA-F46DC5163A0B}"
EndProject
Project("{FAE04EC0-301F-11D3-BF4B-00C04F79EFBC}") = "testPlugin_1", "testPlugin_1\testPlugin_1.csproj", "{6A57AB62-CB9D-49B1-9AC5-8D117C70388A}"
EndProject
Project("{FAE04EC0-301F-11D3-BF4B-00C04F79EFBC}") = "PluginInterface", "PluginInterface\PluginInterface.csproj", "{F37116FC-D491-44AB-AF55-3B132DE40205}"
EndProject
Project("{FAE04EC0-301F-11D3-BF4B-00C04F79EFBC}") = "testPlugin_2", "testPlugin_2\testPlugin_2.csproj", "{FF4A1DEA-F7AF-4097-B60E-EFB4F6D62396}"
EndProject
Global
	GlobalSection(SolutionConfigurationPlatforms) = preSolution
		Debug|Any CPU = Debug|Any CPU
		Release|Any CPU = Release|Any CPU
	EndGlobalSection
	GlobalSection(ProjectConfigurationPlatforms) = postSolution
		{FF48D70D-1475-4851-A437-164A50741E8B}.Debug|Any CPU.ActiveCfg = Debug|Any CPU
		{FF48D70D-1475-4851-A437-164A50741E8B}.Debug|Any CPU.Build.0 = Debug|Any CPU
		{FF48D70D-1475-4851-A437-164A50741E8B}.Release|Any CPU.ActiveCfg = Release|Any CPU
		{FF48D70D-1475-4851-A437-164A50741E8B}.Release|Any CPU.Build.0 = Release|Any CPU
		{532CCAD1-F0B8-4BD1-82EA-F46DC5163A0B}.Debug|Any CPU.ActiveCfg = Debug|Any CPU
		{532CCAD1-F0B8-4BD1-82EA-F46DC5163A0B}.Debug|Any CPU.Build.0 = Debug|Any CPU
		{532CCAD1-F0B8-4BD1-82EA-F46DC5163A0B}.Release|Any CPU.ActiveCfg = Release|Any CPU
		{532CCAD1-F0B8-4BD1-82EA-F46DC5163A0B}.Release|Any CPU.Build.0 = Release|Any CPU
		{6A57AB62-CB9D-49B1-9AC5-8D117C70388A}.Debug|Any CPU.ActiveCfg = Debug|Any CPU
		{6A57AB62-CB9D-49B1-9AC5-8D117C70388A}.Debug|Any CPU.Build.0 = Debug|Any CPU
		{6A57AB62-CB9D-49B1-9AC5-8D117C70388A}.Release|Any CPU.ActiveCfg = Release|Any CPU
		{6A57AB62-CB9D-49B1-9AC5-8D117C70388A}.Release|Any CPU.Build.0 = Release|Any CPU
		{F37116FC-D491-44AB-AF55-3B132DE40205}.Debug|Any CPU.ActiveCfg = Debug|Any CPU
		{F37116FC-D491-44AB-AF55-3B132DE40205}.Debug|Any CPU.Build.0 = Debug|Any CPU
		{F37116FC-D491-44AB-AF55-3B132DE40205}.Release|Any CPU.ActiveCfg = Release|Any CPU
		{F37116FC-D491-44AB-AF55-3B132DE40205}.Release|Any CPU.Build.0 = Release|Any CPU
		{FF4A1DEA-F7AF-4097-B60E-EFB4F6D62396}.Debug|Any CPU.ActiveCfg = Debug|Any CPU
		{FF4A1DEA-F7AF-4097-B60E-EFB4F6D62396}.Debug|Any CPU.Build.0 = Debug|Any CPU
		{FF4A1DEA-F7AF-4097-B60E-EFB4F6D62396}.Release|Any CPU.ActiveCfg = Release|Any CPU
		{FF4A1DEA-F7AF-4097-B60E-EFB4F6D62396}.Release|Any CPU.Build.0 = Release|Any CPU
	EndGlobalSection
	GlobalSection(SolutionProperties) = preSolution
		HideSolutionNode = FALSE
	EndGlobalSection
	GlobalSection(ExtensibilityGlobals) = postSolution
		SolutionGuid = {DC3A3FE0-8405-4B90-AC7F-742E8AA4002B}
	EndGlobalSection
EndGlobal
